
Microsoft Visual Studio Solution File, Format Version 12.00
# Visual Studio Version 16
VisualStudioVersion = 16.0.30413.136
MinimumVisualStudioVersion = 10.0.40219.1
Project("{FAE04EC0-301F-11D3-BF4B-00C04F79EFBC}") = "EmbarquesADM.Android", "EmbarquesADM.Android\EmbarquesADM.Android.csproj", "{07D374B8-BEB1-436F-A1AE-6C80E2F8FAB2}"
EndProject
Project("{FAE04EC0-301F-11D3-BF4B-00C04F79EFBC}") = "EmbarquesADM.iOS", "EmbarquesADM.iOS\EmbarquesADM.iOS.csproj", "{174B7E75-5B53-44B7-A6A1-74C574726F5A}"
EndProject
Project("{FAE04EC0-301F-11D3-BF4B-00C04F79EFBC}") = "EmbarquesADM", "EmbarquesADM\EmbarquesADM.csproj", "{BAF2B8CA-8EB8-49FF-BEED-255C0E19374C}"
EndProject
Global
	GlobalSection(SolutionConfigurationPlatforms) = preSolution
		Debug|Any CPU = Debug|Any CPU
		Debug|iPhone = Debug|iPhone
		Debug|iPhoneSimulator = Debug|iPhoneSimulator
		Release|Any CPU = Release|Any CPU
		Release|iPhone = Release|iPhone
		Release|iPhoneSimulator = Release|iPhoneSimulator
	EndGlobalSection
	GlobalSection(ProjectConfigurationPlatforms) = postSolution
		{07D374B8-BEB1-436F-A1AE-6C80E2F8FAB2}.Debug|Any CPU.ActiveCfg = Debug|Any CPU
		{07D374B8-BEB1-436F-A1AE-6C80E2F8FAB2}.Debug|Any CPU.Build.0 = Debug|Any CPU
		{07D374B8-BEB1-436F-A1AE-6C80E2F8FAB2}.Debug|Any CPU.Deploy.0 = Debug|Any CPU
		{07D374B8-BEB1-436F-A1AE-6C80E2F8FAB2}.Debug|iPhone.ActiveCfg = Debug|Any CPU
		{07D374B8-BEB1-436F-A1AE-6C80E2F8FAB2}.Debug|iPhone.Build.0 = Debug|Any CPU
		{07D374B8-BEB1-436F-A1AE-6C80E2F8FAB2}.Debug|iPhone.Deploy.0 = Debug|Any CPU
		{07D374B8-BEB1-436F-A1AE-6C80E2F8FAB2}.Debug|iPhoneSimulator.ActiveCfg = Debug|Any CPU
		{07D374B8-BEB1-436F-A1AE-6C80E2F8FAB2}.Debug|iPhoneSimulator.Build.0 = Debug|Any CPU
		{07D374B8-BEB1-436F-A1AE-6C80E2F8FAB2}.Debug|iPhoneSimulator.Deploy.0 = Debug|Any CPU
		{07D374B8-BEB1-436F-A1AE-6C80E2F8FAB2}.Release|Any CPU.ActiveCfg = Release|Any CPU
		{07D374B8-BEB1-436F-A1AE-6C80E2F8FAB2}.Release|Any CPU.Build.0 = Release|Any CPU
		{07D374B8-BEB1-436F-A1AE-6C80E2F8FAB2}.Release|Any CPU.Deploy.0 = Release|Any CPU
		{07D374B8-BEB1-436F-A1AE-6C80E2F8FAB2}.Release|iPhone.ActiveCfg = Release|Any CPU
		{07D374B8-BEB1-436F-A1AE-6C80E2F8FAB2}.Release|iPhone.Build.0 = Release|Any CPU
		{07D374B8-BEB1-436F-A1AE-6C80E2F8FAB2}.Release|iPhone.Deploy.0 = Release|Any CPU
		{07D374B8-BEB1-436F-A1AE-6C80E2F8FAB2}.Release|iPhoneSimulator.ActiveCfg = Release|Any CPU
		{07D374B8-BEB1-436F-A1AE-6C80E2F8FAB2}.Release|iPhoneSimulator.Build.0 = Release|Any CPU
		{07D374B8-BEB1-436F-A1AE-6C80E2F8FAB2}.Release|iPhoneSimulator.Deploy.0 = Release|Any CPU
		{174B7E75-5B53-44B7-A6A1-74C574726F5A}.Debug|Any CPU.ActiveCfg = Debug|iPhone
		{174B7E75-5B53-44B7-A6A1-74C574726F5A}.Debug|Any CPU.Build.0 = Debug|iPhone
		{174B7E75-5B53-44B7-A6A1-74C574726F5A}.Debug|Any CPU.Deploy.0 = Debug|iPhone
		{174B7E75-5B53-44B7-A6A1-74C574726F5A}.Debug|iPhone.ActiveCfg = Debug|iPhone
		{174B7E75-5B53-44B7-A6A1-74C574726F5A}.Debug|iPhone.Build.0 = Debug|iPhone
		{174B7E75-5B53-44B7-A6A1-74C574726F5A}.Debug|iPhone.Deploy.0 = Debug|iPhone
		{174B7E75-5B53-44B7-A6A1-74C574726F5A}.Debug|iPhoneSimulator.ActiveCfg = Debug|iPhoneSimulator
		{174B7E75-5B53-44B7-A6A1-74C574726F5A}.Debug|iPhoneSimulator.Build.0 = Debug|iPhoneSimulator
		{174B7E75-5B53-44B7-A6A1-74C574726F5A}.Debug|iPhoneSimulator.Deploy.0 = Debug|iPhoneSimulator
		{174B7E75-5B53-44B7-A6A1-74C574726F5A}.Release|Any CPU.ActiveCfg = Release|iPhone
		{174B7E75-5B53-44B7-A6A1-74C574726F5A}.Release|Any CPU.Build.0 = Release|iPhone
		{174B7E75-5B53-44B7-A6A1-74C574726F5A}.Release|Any CPU.Deploy.0 = Release|iPhone
		{174B7E75-5B53-44B7-A6A1-74C574726F5A}.Release|iPhone.ActiveCfg = Release|iPhone
		{174B7E75-5B53-44B7-A6A1-74C574726F5A}.Release|iPhone.Build.0 = Release|iPhone
		{174B7E75-5B53-44B7-A6A1-74C574726F5A}.Release|iPhone.Deploy.0 = Release|iPhone
		{174B7E75-5B53-44B7-A6A1-74C574726F5A}.Release|iPhoneSimulator.ActiveCfg = Release|iPhoneSimulator
		{174B7E75-5B53-44B7-A6A1-74C574726F5A}.Release|iPhoneSimulator.Build.0 = Release|iPhoneSimulator
		{174B7E75-5B53-44B7-A6A1-74C574726F5A}.Release|iPhoneSimulator.Deploy.0 = Release|iPhoneSimulator
		{BAF2B8CA-8EB8-49FF-BEED-255C0E19374C}.Debug|Any CPU.ActiveCfg = Debug|Any CPU
		{BAF2B8CA-8EB8-49FF-BEED-255C0E19374C}.Debug|Any CPU.Build.0 = Debug|Any CPU
		{BAF2B8CA-8EB8-49FF-BEED-255C0E19374C}.Debug|Any CPU.Deploy.0 = Debug|Any CPU
		{BAF2B8CA-8EB8-49FF-BEED-255C0E19374C}.Debug|iPhone.ActiveCfg = Debug|Any CPU
		{BAF2B8CA-8EB8-49FF-BEED-255C0E19374C}.Debug|iPhone.Build.0 = Debug|Any CPU
		{BAF2B8CA-8EB8-49FF-BEED-255C0E19374C}.Debug|iPhone.Deploy.0 = Debug|Any CPU
		{BAF2B8CA-8EB8-49FF-BEED-255C0E19374C}.Debug|iPhoneSimulator.ActiveCfg = Debug|Any CPU
		{BAF2B8CA-8EB8-49FF-BEED-255C0E19374C}.Debug|iPhoneSimulator.Build.0 = Debug|Any CPU
		{BAF2B8CA-8EB8-49FF-BEED-255C0E19374C}.Debug|iPhoneSimulator.Deploy.0 = Debug|Any CPU
		{BAF2B8CA-8EB8-49FF-BEED-255C0E19374C}.Release|Any CPU.ActiveCfg = Release|Any CPU
		{BAF2B8CA-8EB8-49FF-BEED-255C0E19374C}.Release|Any CPU.Build.0 = Release|Any CPU
		{BAF2B8CA-8EB8-49FF-BEED-255C0E19374C}.Release|Any CPU.Deploy.0 = Release|Any CPU
		{BAF2B8CA-8EB8-49FF-BEED-255C0E19374C}.Release|iPhone.ActiveCfg = Release|Any CPU
		{BAF2B8CA-8EB8-49FF-BEED-255C0E19374C}.Release|iPhone.Build.0 = Release|Any CPU
		{BAF2B8CA-8EB8-49FF-BEED-255C0E19374C}.Release|iPhone.Deploy.0 = Release|Any CPU
		{BAF2B8CA-8EB8-49FF-BEED-255C0E19374C}.Release|iPhoneSimulator.ActiveCfg = Release|Any CPU
		{BAF2B8CA-8EB8-49FF-BEED-255C0E19374C}.Release|iPhoneSimulator.Build.0 = Release|Any CPU
		{BAF2B8CA-8EB8-49FF-BEED-255C0E19374C}.Release|iPhoneSimulator.Deploy.0 = Release|Any CPU
	EndGlobalSection
	GlobalSection(SolutionProperties) = preSolution
		HideSolutionNode = FALSE
	EndGlobalSection
	GlobalSection(ExtensibilityGlobals) = postSolution
		SolutionGuid = {C5AB6637-6DCA-4F43-B72C-5261A157D8FD}
	EndGlobalSection
EndGlobal
